
Microsoft Visual Studio Solution File, Format Version 12.00
# Visual Studio Version 16
VisualStudioVersion = 25.0.1705.7
MinimumVisualStudioVersion = 10.0.40219.1
Project("{FAE04EC0-301F-11D3-BF4B-00C04F79EFBC}") = "Orleans.Providers.CouchDB", "Orleans.Providers.CouchDB\Orleans.Providers.CouchDB.csproj", "{2B5DAD5D-D939-4FCD-B836-C0BF51C7F25E}"
EndProject
Project("{2150E333-8FDC-42A3-9474-1A3956D46DE8}") = "Solution Items", "Solution Items", "{2071B115-CD4E-4297-BD7C-E81FA3255BE6}"
	ProjectSection(SolutionItems) = preProject
		.gitignore = .gitignore
	EndProjectSection
EndProject
Project("{FAE04EC0-301F-11D3-BF4B-00C04F79EFBC}") = "Test", "Test\Test.csproj", "{A4D09FE8-A743-4FC7-A31B-DD4F66A75B1E}"
EndProject
Global
	GlobalSection(SolutionConfigurationPlatforms) = preSolution
		Debug|Any CPU = Debug|Any CPU
		Release|Any CPU = Release|Any CPU
	EndGlobalSection
	GlobalSection(ProjectConfigurationPlatforms) = postSolution
		{2B5DAD5D-D939-4FCD-B836-C0BF51C7F25E}.Debug|Any CPU.ActiveCfg = Debug|Any CPU
		{2B5DAD5D-D939-4FCD-B836-C0BF51C7F25E}.Debug|Any CPU.Build.0 = Debug|Any CPU
		{2B5DAD5D-D939-4FCD-B836-C0BF51C7F25E}.Release|Any CPU.ActiveCfg = Release|Any CPU
		{2B5DAD5D-D939-4FCD-B836-C0BF51C7F25E}.Release|Any CPU.Build.0 = Release|Any CPU
		{A4D09FE8-A743-4FC7-A31B-DD4F66A75B1E}.Debug|Any CPU.ActiveCfg = Debug|Any CPU
		{A4D09FE8-A743-4FC7-A31B-DD4F66A75B1E}.Debug|Any CPU.Build.0 = Debug|Any CPU
		{A4D09FE8-A743-4FC7-A31B-DD4F66A75B1E}.Release|Any CPU.ActiveCfg = Release|Any CPU
		{A4D09FE8-A743-4FC7-A31B-DD4F66A75B1E}.Release|Any CPU.Build.0 = Release|Any CPU
	EndGlobalSection
	GlobalSection(SolutionProperties) = preSolution
		HideSolutionNode = FALSE
	EndGlobalSection
	GlobalSection(ExtensibilityGlobals) = postSolution
		SolutionGuid = {F0409838-6245-4EAA-80A4-7CE946F5295C}
	EndGlobalSection
EndGlobal
